// !$*UTF8*$!
{
	archiveVersion = 1;
	classes = {
	};
	objectVersion = 56;
	objects = {

/* Begin PBXBuildFile section */
		5C104FE42B0EAEF9006B4F14 /* Walk_Run_TrackApp.swift in Sources */ = {isa = PBXBuildFile; fileRef = 5C104FE32B0EAEF9006B4F14 /* Walk_Run_TrackApp.swift */; };
		5C104FE62B0EAEF9006B4F14 /* ContentView.swift in Sources */ = {isa = PBXBuildFile; fileRef = 5C104FE52B0EAEF9006B4F14 /* ContentView.swift */; };
		5C104FE82B0EAEFA006B4F14 /* Assets.xcassets in Resources */ = {isa = PBXBuildFile; fileRef = 5C104FE72B0EAEFA006B4F14 /* Assets.xcassets */; };
		5C104FEB2B0EAEFA006B4F14 /* Preview Assets.xcassets in Resources */ = {isa = PBXBuildFile; fileRef = 5C104FEA2B0EAEFA006B4F14 /* Preview Assets.xcassets */; };
		5C104FF22B0EB7F5006B4F14 /* RunnerIcon.swift in Sources */ = {isa = PBXBuildFile; fileRef = 5C104FF12B0EB7F5006B4F14 /* RunnerIcon.swift */; };
		5C104FFC2B113FC1006B4F14 /* RunnersDetailsView.swift in Sources */ = {isa = PBXBuildFile; fileRef = 5C104FFB2B113FC1006B4F14 /* RunnersDetailsView.swift */; };
/* End PBXBuildFile section */

/* Begin PBXFileReference section */
		5C104FE02B0EAEF9006B4F14 /* Walk_Run_Track.app */ = {isa = PBXFileReference; explicitFileType = wrapper.application; includeInIndex = 0; path = Walk_Run_Track.app; sourceTree = BUILT_PRODUCTS_DIR; };
		5C104FE32B0EAEF9006B4F14 /* Walk_Run_TrackApp.swift */ = {isa = PBXFileReference; lastKnownFileType = sourcecode.swift; path = Walk_Run_TrackApp.swift; sourceTree = "<group>"; };
		5C104FE52B0EAEF9006B4F14 /* ContentView.swift */ = {isa = PBXFileReference; lastKnownFileType = sourcecode.swift; path = ContentView.swift; sourceTree = "<group>"; };
		5C104FE72B0EAEFA006B4F14 /* Assets.xcassets */ = {isa = PBXFileReference; lastKnownFileType = folder.assetcatalog; path = Assets.xcassets; sourceTree = "<group>"; };
		5C104FEA2B0EAEFA006B4F14 /* Preview Assets.xcassets */ = {isa = PBXFileReference; lastKnownFileType = folder.assetcatalog; path = "Preview Assets.xcassets"; sourceTree = "<group>"; };
		5C104FF12B0EB7F5006B4F14 /* RunnerIcon.swift */ = {isa = PBXFileReference; lastKnownFileType = sourcecode.swift; path = RunnerIcon.swift; sourceTree = "<group>"; };
		5C104FFB2B113FC1006B4F14 /* RunnersDetailsView.swift */ = {isa = PBXFileReference; lastKnownFileType = sourcecode.swift; path = RunnersDetailsView.swift; sourceTree = "<group>"; };
/* End PBXFileReference section */

/* Begin PBXFrameworksBuildPhase section */
		5C104FDD2B0EAEF9006B4F14 /* Frameworks */ = {
			isa = PBXFrameworksBuildPhase;
			buildActionMask = 2147483647;
			files = (
			);
			runOnlyForDeploymentPostprocessing = 0;
		};
/* End PBXFrameworksBuildPhase section */

/* Begin PBXGroup section */
		5C104FD72B0EAEF9006B4F14 = {
			isa = PBXGroup;
			children = (
				5C104FE22B0EAEF9006B4F14 /* Walk_Run_Track */,
				5C104FE12B0EAEF9006B4F14 /* Products */,
			);
			sourceTree = "<group>";
		};
		5C104FE12B0EAEF9006B4F14 /* Products */ = {
			isa = PBXGroup;
			children = (
				5C104FE02B0EAEF9006B4F14 /* Walk_Run_Track.app */,
			);
			name = Products;
			sourceTree = "<group>";
		};
		5C104FE22B0EAEF9006B4F14 /* Walk_Run_Track */ = {
			isa = PBXGroup;
			children = (
				5C104FE32B0EAEF9006B4F14 /* Walk_Run_TrackApp.swift */,
				5C104FE52B0EAEF9006B4F14 /* ContentView.swift */,
				5C104FF12B0EB7F5006B4F14 /* RunnerIcon.swift */,
				5C104FFB2B113FC1006B4F14 /* RunnersDetailsView.swift */,
				5C104FE72B0EAEFA006B4F14 /* Assets.xcassets */,
				5C104FE92B0EAEFA006B4F14 /* Preview Content */,
			);
			path = Walk_Run_Track;
			sourceTree = "<group>";
		};
		5C104FE92B0EAEFA006B4F14 /* Preview Content */ = {
			isa = PBXGroup;
			children = (
				5C104FEA2B0EAEFA006B4F14 /* Preview Assets.xcassets */,
			);
			path = "Preview Content";
			sourceTree = "<group>";
		};
/* End PBXGroup section */

/* Begin PBXNativeTarget section */
		5C104FDF2B0EAEF9006B4F14 /* Walk_Run_Track */ = {
			isa = PBXNativeTarget;
			buildConfigurationList = 5C104FEE2B0EAEFA006B4F14 /* Build configuration list for PBXNativeTarget "Walk_Run_Track" */;
			buildPhases = (
				5C104FDC2B0EAEF9006B4F14 /* Sources */,
				5C104FDD2B0EAEF9006B4F14 /* Frameworks */,
				5C104FDE2B0EAEF9006B4F14 /* Resources */,
			);
			buildRules = (
			);
			dependencies = (
			);
			name = Walk_Run_Track;
			productName = Walk_Run_Track;
			productReference = 5C104FE02B0EAEF9006B4F14 /* Walk_Run_Track.app */;
			productType = "com.apple.product-type.application";
		};
/* End PBXNativeTarget section */

/* Begin PBXProject section */
		5C104FD82B0EAEF9006B4F14 /* Project object */ = {
			isa = PBXProject;
			attributes = {
				BuildIndependentTargetsInParallel = 1;
				LastSwiftUpdateCheck = 1500;
				LastUpgradeCheck = 1500;
				TargetAttributes = {
					5C104FDF2B0EAEF9006B4F14 = {
						CreatedOnToolsVersion = 15.0.1;
					};
				};
			};
			buildConfigurationList = 5C104FDB2B0EAEF9006B4F14 /* Build configuration list for PBXProject "Walk_Run_Track" */;
			compatibilityVersion = "Xcode 14.0";
			developmentRegion = en;
			hasScannedForEncodings = 0;
			knownRegions = (
				en,
				Base,
			);
			mainGroup = 5C104FD72B0EAEF9006B4F14;
			productRefGroup = 5C104FE12B0EAEF9006B4F14 /* Products */;
			projectDirPath = "";
			projectRoot = "";
			targets = (
				5C104FDF2B0EAEF9006B4F14 /* Walk_Run_Track */,
			);
		};
/* End PBXProject section */

/* Begin PBXResourcesBuildPhase section */
		5C104FDE2B0EAEF9006B4F14 /* Resources */ = {
			isa = PBXResourcesBuildPhase;
			buildActionMask = 2147483647;
			files = (
				5C104FEB2B0EAEFA006B4F14 /* Preview Assets.xcassets in Resources */,
				5C104FE82B0EAEFA006B4F14 /* Assets.xcassets in Resources */,
			);
			runOnlyForDeploymentPostprocessing = 0;
		};
/* End PBXResourcesBuildPhase section */

/* Begin PBXSourcesBuildPhase section */
		5C104FDC2B0EAEF9006B4F14 /* Sources */ = {
			isa = PBXSourcesBuildPhase;
			buildActionMask = 2147483647;
			files = (
				5C104FF22B0EB7F5006B4F14 /* RunnerIcon.swift in Sources */,
				5C104FFC2B113FC1006B4F14 /* RunnersDetailsView.swift in Sources */,
				5C104FE62B0EAEF9006B4F14 /* ContentView.swift in Sources */,
				5C104FE42B0EAEF9006B4F14 /* Walk_Run_TrackApp.swift in Sources */,
			);
			runOnlyForDeploymentPostprocessing = 0;
		};
/* End PBXSourcesBuildPhase section */

/* Begin XCBuildConfiguration section */
		5C104FEC2B0EAEFA006B4F14 /* Debug */ = {
			isa = XCBuildConfiguration;
			buildSettings = {
				ALWAYS_SEARCH_USER_PATHS = NO;
				ASSETCATALOG_COMPILER_GENERATE_SWIFT_ASSET_SYMBOL_EXTENSIONS = YES;
				CLANG_ANALYZER_NONNULL = YES;
				CLANG_ANALYZER_NUMBER_OBJECT_CONVERSION = YES_AGGRESSIVE;
				CLANG_CXX_LANGUAGE_STANDARD = "gnu++20";
				CLANG_ENABLE_MODULES = YES;
				CLANG_ENABLE_OBJC_ARC = YES;
				CLANG_ENABLE_OBJC_WEAK = YES;
				CLANG_WARN_BLOCK_CAPTURE_AUTORELEASING = YES;
				CLANG_WARN_BOOL_CONVERSION = YES;
				CLANG_WARN_COMMA = YES;
				CLANG_WARN_CONSTANT_CONVERSION = YES;
				CLANG_WARN_DEPRECATED_OBJC_IMPLEMENTATIONS = YES;
				CLANG_WARN_DIRECT_OBJC_ISA_USAGE = YES_ERROR;
				CLANG_WARN_DOCUMENTATION_COMMENTS = YES;
				CLANG_WARN_EMPTY_BODY = YES;
				CLANG_WARN_ENUM_CONVERSION = YES;
				CLANG_WARN_INFINITE_RECURSION = YES;
				CLANG_WARN_INT_CONVERSION = YES;
				CLANG_WARN_NON_LITERAL_NULL_CONVERSION = YES;
				CLANG_WARN_OBJC_IMPLICIT_RETAIN_SELF = YES;
				CLANG_WARN_OBJC_LITERAL_CONVERSION = YES;
				CLANG_WARN_OBJC_ROOT_CLASS = YES_ERROR;
				CLANG_WARN_QUOTED_INCLUDE_IN_FRAMEWORK_HEADER = YES;
				CLANG_WARN_RANGE_LOOP_ANALYSIS = YES;
				CLANG_WARN_STRICT_PROTOTYPES = YES;
				CLANG_WARN_SUSPICIOUS_MOVE = YES;
				CLANG_WARN_UNGUARDED_AVAILABILITY = YES_AGGRESSIVE;
				CLANG_WARN_UNREACHABLE_CODE = YES;
				CLANG_WARN__DUPLICATE_METHOD_MATCH = YES;
				COPY_PHASE_STRIP = NO;
				DEBUG_INFORMATION_FORMAT = dwarf;
				ENABLE_STRICT_OBJC_MSGSEND = YES;
				ENABLE_TESTABILITY = YES;
				ENABLE_USER_SCRIPT_SANDBOXING = YES;
				GCC_C_LANGUAGE_STANDARD = gnu17;
				GCC_DYNAMIC_NO_PIC = NO;
				GCC_NO_COMMON_BLOCKS = YES;
				GCC_OPTIMIZATION_LEVEL = 0;
				GCC_PREPROCESSOR_DEFINITIONS = (
					"DEBUG=1",
					"$(inherited)",
				);
				GCC_WARN_64_TO_32_BIT_CONVERSION = YES;
				GCC_WARN_ABOUT_RETURN_TYPE = YES_ERROR;
				GCC_WARN_UNDECLARED_SELECTOR = YES;
				GCC_WARN_UNINITIALIZED_AUTOS = YES_AGGRESSIVE;
				GCC_WARN_UNUSED_FUNCTION = YES;
				GCC_WARN_UNUSED_VARIABLE = YES;
				IPHONEOS_DEPLOYMENT_TARGET = 17.0;
				LOCALIZATION_PREFERS_STRING_CATALOGS = YES;
				MTL_ENABLE_DEBUG_INFO = INCLUDE_SOURCE;
				MTL_FAST_MATH = YES;
				ONLY_ACTIVE_ARCH = YES;
				SDKROOT = iphoneos;
				SWIFT_ACTIVE_COMPILATION_CONDITIONS = "DEBUG $(inherited)";
				SWIFT_OPTIMIZATION_LEVEL = "-Onone";
			};
			name = Debug;
		};
		5C104FED2B0EAEFA006B4F14 /* Release */ = {
			isa = XCBuildConfiguration;
			buildSettings = {
				ALWAYS_SEARCH_USER_PATHS = NO;
				ASSETCATALOG_COMPILER_GENERATE_SWIFT_ASSET_SYMBOL_EXTENSIONS = YES;
				CLANG_ANALYZER_NONNULL = YES;
				CLANG_ANALYZER_NUMBER_OBJECT_CONVERSION = YES_AGGRESSIVE;
				CLANG_CXX_LANGUAGE_STANDARD = "gnu++20";
				CLANG_ENABLE_MODULES = YES;
				CLANG_ENABLE_OBJC_ARC = YES;
				CLANG_ENABLE_OBJC_WEAK = YES;
				CLANG_WARN_BLOCK_CAPTURE_AUTORELEASING = YES;
				CLANG_WARN_BOOL_CONVERSION = YES;
				CLANG_WARN_COMMA = YES;
				CLANG_WARN_CONSTANT_CONVERSION = YES;
				CLANG_WARN_DEPRECATED_OBJC_IMPLEMENTATIONS = YES;
				CLANG_WARN_DIRECT_OBJC_ISA_USAGE = YES_ERROR;
				CLANG_WARN_DOCUMENTATION_COMMENTS = YES;
				CLANG_WARN_EMPTY_BODY = YES;
				CLANG_WARN_ENUM_CONVERSION = YES;
				CLANG_WARN_INFINITE_RECURSION = YES;
				CLANG_WARN_INT_CONVERSION = YES;
				CLANG_WARN_NON_LITERAL_NULL_CONVERSION = YES;
				CLANG_WARN_OBJC_IMPLICIT_RETAIN_SELF = YES;
				CLANG_WARN_OBJC_LITERAL_CONVERSION = YES;
				CLANG_WARN_OBJC_ROOT_CLASS = YES_ERROR;
				CLANG_WARN_QUOTED_INCLUDE_IN_FRAMEWORK_HEADER = YES;
				CLANG_WARN_RANGE_LOOP_ANALYSIS = YES;
				CLANG_WARN_STRICT_PROTOTYPES = YES;
				CLANG_WARN_SUSPICIOUS_MOVE = YES;
				CLANG_WARN_UNGUARDED_AVAILABILITY = YES_AGGRESSIVE;
				CLANG_WARN_UNREACHABLE_CODE = YES;
				CLANG_WARN__DUPLICATE_METHOD_MATCH = YES;
				COPY_PHASE_STRIP = NO;
				DEBUG_INFORMATION_FORMAT = "dwarf-with-dsym";
				ENABLE_NS_ASSERTIONS = NO;
				ENABLE_STRICT_OBJC_MSGSEND = YES;
				ENABLE_USER_SCRIPT_SANDBOXING = YES;
				GCC_C_LANGUAGE_STANDARD = gnu17;
				GCC_NO_COMMON_BLOCKS = YES;
				GCC_WARN_64_TO_32_BIT_CONVERSION = YES;
				GCC_WARN_ABOUT_RETURN_TYPE = YES_ERROR;
				GCC_WARN_UNDECLARED_SELECTOR = YES;
				GCC_WARN_UNINITIALIZED_AUTOS = YES_AGGRESSIVE;
				GCC_WARN_UNUSED_FUNCTION = YES;
				GCC_WARN_UNUSED_VARIABLE = YES;
				IPHONEOS_DEPLOYMENT_TARGET = 17.0;
				LOCALIZATION_PREFERS_STRING_CATALOGS = YES;
				MTL_ENABLE_DEBUG_INFO = NO;
				MTL_FAST_MATH = YES;
				SDKROOT = iphoneos;
				SWIFT_COMPILATION_MODE = wholemodule;
				VALIDATE_PRODUCT = YES;
			};
			name = Release;
		};
		5C104FEF2B0EAEFA006B4F14 /* Debug */ = {
			isa = XCBuildConfiguration;
			buildSettings = {
				ASSETCATALOG_COMPILER_APPICON_NAME = AppIcon;
				ASSETCATALOG_COMPILER_GLOBAL_ACCENT_COLOR_NAME = AccentColor;
				CODE_SIGN_STYLE = Automatic;
				CURRENT_PROJECT_VERSION = 1;
				DEVELOPMENT_ASSET_PATHS = "\"Walk_Run_Track/Preview Content\"";
				DEVELOPMENT_TEAM = R5B543U47U;
				ENABLE_PREVIEWS = YES;
				GENERATE_INFOPLIST_FILE = YES;
				INFOPLIST_KEY_UIApplicationSceneManifest_Generation = YES;
				INFOPLIST_KEY_UIApplicationSupportsIndirectInputEvents = YES;
				INFOPLIST_KEY_UILaunchScreen_Generation = YES;
				INFOPLIST_KEY_UISupportedInterfaceOrientations_iPad = "UIInterfaceOrientationPortrait UIInterfaceOrientationPortraitUpsideDown UIInterfaceOrientationLandscapeLeft UIInterfaceOrientationLandscapeRight";
				INFOPLIST_KEY_UISupportedInterfaceOrientations_iPhone = "UIInterfaceOrientationPortrait UIInterfaceOrientationLandscapeLeft UIInterfaceOrientationLandscapeRight";
				LD_RUNPATH_SEARCH_PATHS = (
					"$(inherited)",
					"@executable_path/Frameworks",
				);
				MARKETING_VERSION = 1.0;
				PRODUCT_BUNDLE_IDENTIFIER = BillBillApps.WalkRunTrack97230;
				PRODUCT_NAME = "$(TARGET_NAME)";
				SWIFT_EMIT_LOC_STRINGS = YES;
				SWIFT_VERSION = 5.0;
				TARGETED_DEVICE_FAMILY = "1,2";
			};
			name = Debug;
		};
		5C104FF02B0EAEFA006B4F14 /* Release */ = {
			isa = XCBuildConfiguration;
			buildSettings = {
				ASSETCATALOG_COMPILER_APPICON_NAME = AppIcon;
				ASSETCATALOG_COMPILER_GLOBAL_ACCENT_COLOR_NAME = AccentColor;
				CODE_SIGN_STYLE = Automatic;
				CURRENT_PROJECT_VERSION = 1;
				DEVELOPMENT_ASSET_PATHS = "\"Walk_Run_Track/Preview Content\"";
				DEVELOPMENT_TEAM = R5B543U47U;
				ENABLE_PREVIEWS = YES;
				GENERATE_INFOPLIST_FILE = YES;
				INFOPLIST_KEY_UIApplicationSceneManifest_Generation = YES;
				INFOPLIST_KEY_UIApplicationSupportsIndirectInputEvents = YES;
				INFOPLIST_KEY_UILaunchScreen_Generation = YES;
				INFOPLIST_KEY_UISupportedInterfaceOrientations_iPad = "UIInterfaceOrientationPortrait UIInterfaceOrientationPortraitUpsideDown UIInterfaceOrientationLandscapeLeft UIInterfaceOrientationLandscapeRight";
				INFOPLIST_KEY_UISupportedInterfaceOrientations_iPhone = "UIInterfaceOrientationPortrait UIInterfaceOrientationLandscapeLeft UIInterfaceOrientationLandscapeRight";
				LD_RUNPATH_SEARCH_PATHS = (
					"$(inherited)",
					"@executable_path/Frameworks",
				);
				MARKETING_VERSION = 1.0;
				PRODUCT_BUNDLE_IDENTIFIER = BillBillApps.WalkRunTrack97230;
				PRODUCT_NAME = "$(TARGET_NAME)";
				SWIFT_EMIT_LOC_STRINGS = YES;
				SWIFT_VERSION = 5.0;
				TARGETED_DEVICE_FAMILY = "1,2";
			};
			name = Release;
		};
/* End XCBuildConfiguration section */

/* Begin XCConfigurationList section */
		5C104FDB2B0EAEF9006B4F14 /* Build configuration list for PBXProject "Walk_Run_Track" */ = {
			isa = XCConfigurationList;
			buildConfigurations = (
				5C104FEC2B0EAEFA006B4F14 /* Debug */,
				5C104FED2B0EAEFA006B4F14 /* Release */,
			);
			defaultConfigurationIsVisible = 0;
			defaultConfigurationName = Release;
		};
		5C104FEE2B0EAEFA006B4F14 /* Build configuration list for PBXNativeTarget "Walk_Run_Track" */ = {
			isa = XCConfigurationList;
			buildConfigurations = (
				5C104FEF2B0EAEFA006B4F14 /* Debug */,
				5C104FF02B0EAEFA006B4F14 /* Release */,
			);
			defaultConfigurationIsVisible = 0;
			defaultConfigurationName = Release;
		};
/* End XCConfigurationList section */
	};
	rootObject = 5C104FD82B0EAEF9006B4F14 /* Project object */;
}
